// !$*UTF8*$!
{
	archiveVersion = 1;
	classes = {
	};
	objectVersion = 56;
	objects = {

/* Begin PBXBuildFile section */
		40F8C81D2B491E9000F16D90 /* AppDelegate.swift in Sources */ = {isa = PBXBuildFile; fileRef = 40F8C81C2B491E9000F16D90 /* AppDelegate.swift */; };
		40F8C81F2B491E9000F16D90 /* SceneDelegate.swift in Sources */ = {isa = PBXBuildFile; fileRef = 40F8C81E2B491E9000F16D90 /* SceneDelegate.swift */; };
		40F8C8242B491E9000F16D90 /* Main.storyboard in Resources */ = {isa = PBXBuildFile; fileRef = 40F8C8222B491E9000F16D90 /* Main.storyboard */; };
		40F8C8262B491E9200F16D90 /* Assets.xcassets in Resources */ = {isa = PBXBuildFile; fileRef = 40F8C8252B491E9200F16D90 /* Assets.xcassets */; };
		40F8C8292B491E9200F16D90 /* LaunchScreen.storyboard in Resources */ = {isa = PBXBuildFile; fileRef = 40F8C8272B491E9200F16D90 /* LaunchScreen.storyboard */; };
		40F8C8342B491E9200F16D90 /* ImgurGallerySearchTests.swift in Sources */ = {isa = PBXBuildFile; fileRef = 40F8C8332B491E9200F16D90 /* ImgurGallerySearchTests.swift */; };
		40F8C83E2B491E9200F16D90 /* ImgurGallerySearchUITests.swift in Sources */ = {isa = PBXBuildFile; fileRef = 40F8C83D2B491E9200F16D90 /* ImgurGallerySearchUITests.swift */; };
		40F8C8402B491E9200F16D90 /* ImgurGallerySearchUITestsLaunchTests.swift in Sources */ = {isa = PBXBuildFile; fileRef = 40F8C83F2B491E9200F16D90 /* ImgurGallerySearchUITestsLaunchTests.swift */; };
		40F8C85E2B495ACB00F16D90 /* APIManager.swift in Sources */ = {isa = PBXBuildFile; fileRef = 40F8C85D2B495ACB00F16D90 /* APIManager.swift */; };
		40F8C8622B495BAB00F16D90 /* Constant.swift in Sources */ = {isa = PBXBuildFile; fileRef = 40F8C8612B495BAB00F16D90 /* Constant.swift */; };
		40F8C86B2B49626000F16D90 /* Alamofire in Frameworks */ = {isa = PBXBuildFile; productRef = 40F8C86A2B49626000F16D90 /* Alamofire */; };
		40F8C8812B498E1600F16D90 /* HomeViewModel.swift in Sources */ = {isa = PBXBuildFile; fileRef = 40F8C8792B498E1600F16D90 /* HomeViewModel.swift */; };
		40F8C8822B498E1600F16D90 /* ImageEntity.swift in Sources */ = {isa = PBXBuildFile; fileRef = 40F8C87B2B498E1600F16D90 /* ImageEntity.swift */; };
		40F8C8832B498E1600F16D90 /* GalleryDataEntity.swift in Sources */ = {isa = PBXBuildFile; fileRef = 40F8C87C2B498E1600F16D90 /* GalleryDataEntity.swift */; };
		40F8C8842B498E1600F16D90 /* AlbumEntity.swift in Sources */ = {isa = PBXBuildFile; fileRef = 40F8C87D2B498E1600F16D90 /* AlbumEntity.swift */; };
		40F8C8852B498E1600F16D90 /* TagsEntity.swift in Sources */ = {isa = PBXBuildFile; fileRef = 40F8C87E2B498E1600F16D90 /* TagsEntity.swift */; };
		40F8C8862B498E1600F16D90 /* HomeViewController.swift in Sources */ = {isa = PBXBuildFile; fileRef = 40F8C8802B498E1600F16D90 /* HomeViewController.swift */; };
		40F8C8892B49974400F16D90 /* ImgurGalleryEndpoint.swift in Sources */ = {isa = PBXBuildFile; fileRef = 40F8C8882B49974400F16D90 /* ImgurGalleryEndpoint.swift */; };
		40F8C88B2B49979200F16D90 /* EndPointType.swift in Sources */ = {isa = PBXBuildFile; fileRef = 40F8C88A2B49979200F16D90 /* EndPointType.swift */; };
		40F8C8962B49A7CF00F16D90 /* GridCollectionViewCell.swift in Sources */ = {isa = PBXBuildFile; fileRef = 40F8C8942B49A7CF00F16D90 /* GridCollectionViewCell.swift */; };
		40F8C8972B49A7CF00F16D90 /* GridCollectionViewCell.xib in Resources */ = {isa = PBXBuildFile; fileRef = 40F8C8952B49A7CF00F16D90 /* GridCollectionViewCell.xib */; };
		40F8C89C2B49A7E700F16D90 /* ListCollectionViewCell.swift in Sources */ = {isa = PBXBuildFile; fileRef = 40F8C89A2B49A7E700F16D90 /* ListCollectionViewCell.swift */; };
		40F8C89D2B49A7E700F16D90 /* ListCollectionViewCell.xib in Resources */ = {isa = PBXBuildFile; fileRef = 40F8C89B2B49A7E700F16D90 /* ListCollectionViewCell.xib */; };
		40F8C89F2B49ADF600F16D90 /* HomeCollectionViewDatasourceDelegate.swift in Sources */ = {isa = PBXBuildFile; fileRef = 40F8C89E2B49ADF600F16D90 /* HomeCollectionViewDatasourceDelegate.swift */; };
		40F8C8A22B49B6BD00F16D90 /* IGSBaseCollectionViewCell.swift in Sources */ = {isa = PBXBuildFile; fileRef = 40F8C8A12B49B6BD00F16D90 /* IGSBaseCollectionViewCell.swift */; };
		40F8C8A42B49B6D200F16D90 /* IGSBaseViewController.swift in Sources */ = {isa = PBXBuildFile; fileRef = 40F8C8A32B49B6D200F16D90 /* IGSBaseViewController.swift */; };
		40F8C8A92B49BA8300F16D90 /* UICollectionView+Extension.swift in Sources */ = {isa = PBXBuildFile; fileRef = 40F8C8A82B49BA8300F16D90 /* UICollectionView+Extension.swift */; };
		40F8C8AB2B49CF4200F16D90 /* UIImageView+Extension.swift in Sources */ = {isa = PBXBuildFile; fileRef = 40F8C8AA2B49CF4200F16D90 /* UIImageView+Extension.swift */; };
		40F8C8AE2B49CF8900F16D90 /* SDWebImage in Frameworks */ = {isa = PBXBuildFile; productRef = 40F8C8AD2B49CF8900F16D90 /* SDWebImage */; };
		40F8C8B02B49CF8900F16D90 /* SDWebImageMapKit in Frameworks */ = {isa = PBXBuildFile; productRef = 40F8C8AF2B49CF8900F16D90 /* SDWebImageMapKit */; };
		40F8C8B52B49DB7900F16D90 /* Reachability.swift in Sources */ = {isa = PBXBuildFile; fileRef = 40F8C8B22B49DB7900F16D90 /* Reachability.swift */; };
		40F8C8B62B49DB7900F16D90 /* Toast.swift in Sources */ = {isa = PBXBuildFile; fileRef = 40F8C8B42B49DB7900F16D90 /* Toast.swift */; };
		40F8C8B92B49DD6900F16D90 /* UIViewToast+Extension.swift in Sources */ = {isa = PBXBuildFile; fileRef = 40F8C8B82B49DD6900F16D90 /* UIViewToast+Extension.swift */; };
/* End PBXBuildFile section */

/* Begin PBXContainerItemProxy section */
		40F8C8302B491E9200F16D90 /* PBXContainerItemProxy */ = {
			isa = PBXContainerItemProxy;
			containerPortal = 40F8C8112B491E9000F16D90 /* Project object */;
			proxyType = 1;
			remoteGlobalIDString = 40F8C8182B491E9000F16D90;
			remoteInfo = ImgurGallerySearch;
		};
		40F8C83A2B491E9200F16D90 /* PBXContainerItemProxy */ = {
			isa = PBXContainerItemProxy;
			containerPortal = 40F8C8112B491E9000F16D90 /* Project object */;
			proxyType = 1;
			remoteGlobalIDString = 40F8C8182B491E9000F16D90;
			remoteInfo = ImgurGallerySearch;
		};
/* End PBXContainerItemProxy section */

/* Begin PBXFileReference section */
		40F8C8192B491E9000F16D90 /* ImgurGallerySearch.app */ = {isa = PBXFileReference; explicitFileType = wrapper.application; includeInIndex = 0; path = ImgurGallerySearch.app; sourceTree = BUILT_PRODUCTS_DIR; };
		40F8C81C2B491E9000F16D90 /* AppDelegate.swift */ = {isa = PBXFileReference; lastKnownFileType = sourcecode.swift; path = AppDelegate.swift; sourceTree = "<group>"; };
		40F8C81E2B491E9000F16D90 /* SceneDelegate.swift */ = {isa = PBXFileReference; lastKnownFileType = sourcecode.swift; path = SceneDelegate.swift; sourceTree = "<group>"; };
		40F8C8232B491E9000F16D90 /* Base */ = {isa = PBXFileReference; lastKnownFileType = file.storyboard; name = Base; path = Base.lproj/Main.storyboard; sourceTree = "<group>"; };
		40F8C8252B491E9200F16D90 /* Assets.xcassets */ = {isa = PBXFileReference; lastKnownFileType = folder.assetcatalog; path = Assets.xcassets; sourceTree = "<group>"; };
		40F8C8282B491E9200F16D90 /* Base */ = {isa = PBXFileReference; lastKnownFileType = file.storyboard; name = Base; path = Base.lproj/LaunchScreen.storyboard; sourceTree = "<group>"; };
		40F8C82A2B491E9200F16D90 /* Info.plist */ = {isa = PBXFileReference; lastKnownFileType = text.plist.xml; path = Info.plist; sourceTree = "<group>"; };
		40F8C82F2B491E9200F16D90 /* ImgurGallerySearchTests.xctest */ = {isa = PBXFileReference; explicitFileType = wrapper.cfbundle; includeInIndex = 0; path = ImgurGallerySearchTests.xctest; sourceTree = BUILT_PRODUCTS_DIR; };
		40F8C8332B491E9200F16D90 /* ImgurGallerySearchTests.swift */ = {isa = PBXFileReference; lastKnownFileType = sourcecode.swift; path = ImgurGallerySearchTests.swift; sourceTree = "<group>"; };
		40F8C8392B491E9200F16D90 /* ImgurGallerySearchUITests.xctest */ = {isa = PBXFileReference; explicitFileType = wrapper.cfbundle; includeInIndex = 0; path = ImgurGallerySearchUITests.xctest; sourceTree = BUILT_PRODUCTS_DIR; };
		40F8C83D2B491E9200F16D90 /* ImgurGallerySearchUITests.swift */ = {isa = PBXFileReference; lastKnownFileType = sourcecode.swift; path = ImgurGallerySearchUITests.swift; sourceTree = "<group>"; };
		40F8C83F2B491E9200F16D90 /* ImgurGallerySearchUITestsLaunchTests.swift */ = {isa = PBXFileReference; lastKnownFileType = sourcecode.swift; path = ImgurGallerySearchUITestsLaunchTests.swift; sourceTree = "<group>"; };
		40F8C85D2B495ACB00F16D90 /* APIManager.swift */ = {isa = PBXFileReference; lastKnownFileType = sourcecode.swift; path = APIManager.swift; sourceTree = "<group>"; };
		40F8C8612B495BAB00F16D90 /* Constant.swift */ = {isa = PBXFileReference; lastKnownFileType = sourcecode.swift; path = Constant.swift; sourceTree = "<group>"; };
		40F8C8792B498E1600F16D90 /* HomeViewModel.swift */ = {isa = PBXFileReference; fileEncoding = 4; lastKnownFileType = sourcecode.swift; path = HomeViewModel.swift; sourceTree = "<group>"; };
		40F8C87B2B498E1600F16D90 /* ImageEntity.swift */ = {isa = PBXFileReference; fileEncoding = 4; lastKnownFileType = sourcecode.swift; path = ImageEntity.swift; sourceTree = "<group>"; };
		40F8C87C2B498E1600F16D90 /* GalleryDataEntity.swift */ = {isa = PBXFileReference; fileEncoding = 4; lastKnownFileType = sourcecode.swift; path = GalleryDataEntity.swift; sourceTree = "<group>"; };
		40F8C87D2B498E1600F16D90 /* AlbumEntity.swift */ = {isa = PBXFileReference; fileEncoding = 4; lastKnownFileType = sourcecode.swift; path = AlbumEntity.swift; sourceTree = "<group>"; };
		40F8C87E2B498E1600F16D90 /* TagsEntity.swift */ = {isa = PBXFileReference; fileEncoding = 4; lastKnownFileType = sourcecode.swift; path = TagsEntity.swift; sourceTree = "<group>"; };
		40F8C8802B498E1600F16D90 /* HomeViewController.swift */ = {isa = PBXFileReference; fileEncoding = 4; lastKnownFileType = sourcecode.swift; path = HomeViewController.swift; sourceTree = "<group>"; };
		40F8C8882B49974400F16D90 /* ImgurGalleryEndpoint.swift */ = {isa = PBXFileReference; lastKnownFileType = sourcecode.swift; path = ImgurGalleryEndpoint.swift; sourceTree = "<group>"; };
		40F8C88A2B49979200F16D90 /* EndPointType.swift */ = {isa = PBXFileReference; lastKnownFileType = sourcecode.swift; path = EndPointType.swift; sourceTree = "<group>"; };
		40F8C8942B49A7CF00F16D90 /* GridCollectionViewCell.swift */ = {isa = PBXFileReference; lastKnownFileType = sourcecode.swift; path = GridCollectionViewCell.swift; sourceTree = "<group>"; };
		40F8C8952B49A7CF00F16D90 /* GridCollectionViewCell.xib */ = {isa = PBXFileReference; lastKnownFileType = file.xib; path = GridCollectionViewCell.xib; sourceTree = "<group>"; };
		40F8C89A2B49A7E700F16D90 /* ListCollectionViewCell.swift */ = {isa = PBXFileReference; lastKnownFileType = sourcecode.swift; path = ListCollectionViewCell.swift; sourceTree = "<group>"; };
		40F8C89B2B49A7E700F16D90 /* ListCollectionViewCell.xib */ = {isa = PBXFileReference; lastKnownFileType = file.xib; path = ListCollectionViewCell.xib; sourceTree = "<group>"; };
		40F8C89E2B49ADF600F16D90 /* HomeCollectionViewDatasourceDelegate.swift */ = {isa = PBXFileReference; lastKnownFileType = sourcecode.swift; path = HomeCollectionViewDatasourceDelegate.swift; sourceTree = "<group>"; };
		40F8C8A12B49B6BD00F16D90 /* IGSBaseCollectionViewCell.swift */ = {isa = PBXFileReference; lastKnownFileType = sourcecode.swift; path = IGSBaseCollectionViewCell.swift; sourceTree = "<group>"; };
		40F8C8A32B49B6D200F16D90 /* IGSBaseViewController.swift */ = {isa = PBXFileReference; lastKnownFileType = sourcecode.swift; path = IGSBaseViewController.swift; sourceTree = "<group>"; };
		40F8C8A82B49BA8300F16D90 /* UICollectionView+Extension.swift */ = {isa = PBXFileReference; fileEncoding = 4; lastKnownFileType = sourcecode.swift; path = "UICollectionView+Extension.swift"; sourceTree = "<group>"; };
		40F8C8AA2B49CF4200F16D90 /* UIImageView+Extension.swift */ = {isa = PBXFileReference; lastKnownFileType = sourcecode.swift; path = "UIImageView+Extension.swift"; sourceTree = "<group>"; };
		40F8C8B22B49DB7900F16D90 /* Reachability.swift */ = {isa = PBXFileReference; fileEncoding = 4; lastKnownFileType = sourcecode.swift; path = Reachability.swift; sourceTree = "<group>"; };
		40F8C8B42B49DB7900F16D90 /* Toast.swift */ = {isa = PBXFileReference; fileEncoding = 4; lastKnownFileType = sourcecode.swift; path = Toast.swift; sourceTree = "<group>"; };
		40F8C8B82B49DD6900F16D90 /* UIViewToast+Extension.swift */ = {isa = PBXFileReference; lastKnownFileType = sourcecode.swift; path = "UIViewToast+Extension.swift"; sourceTree = "<group>"; };
/* End PBXFileReference section */

/* Begin PBXFrameworksBuildPhase section */
		40F8C8162B491E9000F16D90 /* Frameworks */ = {
			isa = PBXFrameworksBuildPhase;
			buildActionMask = 2147483647;
			files = (
				40F8C8AE2B49CF8900F16D90 /* SDWebImage in Frameworks */,
				40F8C8B02B49CF8900F16D90 /* SDWebImageMapKit in Frameworks */,
				40F8C86B2B49626000F16D90 /* Alamofire in Frameworks */,
			);
			runOnlyForDeploymentPostprocessing = 0;
		};
		40F8C82C2B491E9200F16D90 /* Frameworks */ = {
			isa = PBXFrameworksBuildPhase;
			buildActionMask = 2147483647;
			files = (
			);
			runOnlyForDeploymentPostprocessing = 0;
		};
		40F8C8362B491E9200F16D90 /* Frameworks */ = {
			isa = PBXFrameworksBuildPhase;
			buildActionMask = 2147483647;
			files = (
			);
			runOnlyForDeploymentPostprocessing = 0;
		};
/* End PBXFrameworksBuildPhase section */

/* Begin PBXGroup section */
		40F8C8102B491E9000F16D90 = {
			isa = PBXGroup;
			children = (
				40F8C81B2B491E9000F16D90 /* ImgurGallerySearch */,
				40F8C8322B491E9200F16D90 /* ImgurGallerySearchTests */,
				40F8C83C2B491E9200F16D90 /* ImgurGallerySearchUITests */,
				40F8C81A2B491E9000F16D90 /* Products */,
			);
			sourceTree = "<group>";
		};
		40F8C81A2B491E9000F16D90 /* Products */ = {
			isa = PBXGroup;
			children = (
				40F8C8192B491E9000F16D90 /* ImgurGallerySearch.app */,
				40F8C82F2B491E9200F16D90 /* ImgurGallerySearchTests.xctest */,
				40F8C8392B491E9200F16D90 /* ImgurGallerySearchUITests.xctest */,
			);
			name = Products;
			sourceTree = "<group>";
		};
		40F8C81B2B491E9000F16D90 /* ImgurGallerySearch */ = {
			isa = PBXGroup;
			children = (
				40F8C8A52B49BA8300F16D90 /* Foundation */,
				40F8C8A02B49B69C00F16D90 /* BaseLayout */,
				40F8C88C2B49A74D00F16D90 /* Components */,
				40F8C85F2B495B4200F16D90 /* Application */,
				40F8C8602B495B9500F16D90 /* Constant */,
				40F8C8572B491F0200F16D90 /* Extension */,
				40F8C8772B498E1600F16D90 /* MVVM */,
				40F8C8742B497E2F00F16D90 /* Resources */,
				40F8C85A2B491F0200F16D90 /* Service */,
				40F8C85C2B491F6900F16D90 /* Storyboard */,
				40F8C8662B49611A00F16D90 /* Support */,
				40F8C8872B49971800F16D90 /* Utility */,
			);
			path = ImgurGallerySearch;
			sourceTree = "<group>";
		};
		40F8C8322B491E9200F16D90 /* ImgurGallerySearchTests */ = {
			isa = PBXGroup;
			children = (
				40F8C8332B491E9200F16D90 /* ImgurGallerySearchTests.swift */,
			);
			path = ImgurGallerySearchTests;
			sourceTree = "<group>";
		};
		40F8C83C2B491E9200F16D90 /* ImgurGallerySearchUITests */ = {
			isa = PBXGroup;
			children = (
				40F8C83D2B491E9200F16D90 /* ImgurGallerySearchUITests.swift */,
				40F8C83F2B491E9200F16D90 /* ImgurGallerySearchUITestsLaunchTests.swift */,
			);
			path = ImgurGallerySearchUITests;
			sourceTree = "<group>";
		};
		40F8C8572B491F0200F16D90 /* Extension */ = {
			isa = PBXGroup;
			children = (
			);
			path = Extension;
			sourceTree = "<group>";
		};
		40F8C85A2B491F0200F16D90 /* Service */ = {
			isa = PBXGroup;
			children = (
				40F8C85D2B495ACB00F16D90 /* APIManager.swift */,
			);
			path = Service;
			sourceTree = "<group>";
		};
		40F8C85C2B491F6900F16D90 /* Storyboard */ = {
			isa = PBXGroup;
			children = (
				40F8C8272B491E9200F16D90 /* LaunchScreen.storyboard */,
				40F8C8222B491E9000F16D90 /* Main.storyboard */,
			);
			path = Storyboard;
			sourceTree = "<group>";
		};
		40F8C85F2B495B4200F16D90 /* Application */ = {
			isa = PBXGroup;
			children = (
				40F8C81C2B491E9000F16D90 /* AppDelegate.swift */,
				40F8C81E2B491E9000F16D90 /* SceneDelegate.swift */,
			);
			path = Application;
			sourceTree = "<group>";
		};
		40F8C8602B495B9500F16D90 /* Constant */ = {
			isa = PBXGroup;
			children = (
				40F8C8612B495BAB00F16D90 /* Constant.swift */,
			);
			path = Constant;
			sourceTree = "<group>";
		};
		40F8C8662B49611A00F16D90 /* Support */ = {
			isa = PBXGroup;
			children = (
				40F8C82A2B491E9200F16D90 /* Info.plist */,
			);
			path = Support;
			sourceTree = "<group>";
		};
		40F8C8742B497E2F00F16D90 /* Resources */ = {
			isa = PBXGroup;
			children = (
				40F8C8252B491E9200F16D90 /* Assets.xcassets */,
			);
			path = Resources;
			sourceTree = "<group>";
		};
		40F8C8772B498E1600F16D90 /* MVVM */ = {
			isa = PBXGroup;
			children = (
				40F8C8782B498E1600F16D90 /* ViewModel */,
				40F8C87A2B498E1600F16D90 /* Model */,
				40F8C87F2B498E1600F16D90 /* View */,
			);
			path = MVVM;
			sourceTree = "<group>";
		};
		40F8C8782B498E1600F16D90 /* ViewModel */ = {
			isa = PBXGroup;
			children = (
				40F8C8792B498E1600F16D90 /* HomeViewModel.swift */,
			);
			path = ViewModel;
			sourceTree = "<group>";
		};
		40F8C87A2B498E1600F16D90 /* Model */ = {
			isa = PBXGroup;
			children = (
				40F8C87B2B498E1600F16D90 /* ImageEntity.swift */,
				40F8C87C2B498E1600F16D90 /* GalleryDataEntity.swift */,
				40F8C87D2B498E1600F16D90 /* AlbumEntity.swift */,
				40F8C87E2B498E1600F16D90 /* TagsEntity.swift */,
			);
			path = Model;
			sourceTree = "<group>";
		};
		40F8C87F2B498E1600F16D90 /* View */ = {
			isa = PBXGroup;
			children = (
				40F8C8802B498E1600F16D90 /* HomeViewController.swift */,
			);
			path = View;
			sourceTree = "<group>";
		};
		40F8C8872B49971800F16D90 /* Utility */ = {
			isa = PBXGroup;
			children = (
				40F8C8B72B49DB8B00F16D90 /* EndPoints */,
				40F8C8B12B49DB7900F16D90 /* Reachability */,
				40F8C8B32B49DB7900F16D90 /* Toast */,
			);
			path = Utility;
			sourceTree = "<group>";
		};
		40F8C88C2B49A74D00F16D90 /* Components */ = {
			isa = PBXGroup;
			children = (
				40F8C88D2B49A74D00F16D90 /* Collection */,
				40F8C8902B49A74D00F16D90 /* Table */,
			);
			path = Components;
			sourceTree = "<group>";
		};
		40F8C88D2B49A74D00F16D90 /* Collection */ = {
			isa = PBXGroup;
			children = (
				40F8C88E2B49A74D00F16D90 /* DatasourceDelegate */,
				40F8C88F2B49A74D00F16D90 /* Cell */,
			);
			path = Collection;
			sourceTree = "<group>";
		};
		40F8C88E2B49A74D00F16D90 /* DatasourceDelegate */ = {
			isa = PBXGroup;
			children = (
				40F8C89E2B49ADF600F16D90 /* HomeCollectionViewDatasourceDelegate.swift */,
			);
			path = DatasourceDelegate;
			sourceTree = "<group>";
		};
		40F8C88F2B49A74D00F16D90 /* Cell */ = {
			isa = PBXGroup;
			children = (
				40F8C8932B49A7A200F16D90 /* ImgurGallery */,
			);
			path = Cell;
			sourceTree = "<group>";
		};
		40F8C8902B49A74D00F16D90 /* Table */ = {
			isa = PBXGroup;
			children = (
				40F8C8912B49A74D00F16D90 /* DatasourceDelegate */,
				40F8C8922B49A74D00F16D90 /* Cell */,
			);
			path = Table;
			sourceTree = "<group>";
		};
		40F8C8912B49A74D00F16D90 /* DatasourceDelegate */ = {
			isa = PBXGroup;
			children = (
			);
			path = DatasourceDelegate;
			sourceTree = "<group>";
		};
		40F8C8922B49A74D00F16D90 /* Cell */ = {
			isa = PBXGroup;
			children = (
			);
			path = Cell;
			sourceTree = "<group>";
		};
		40F8C8932B49A7A200F16D90 /* ImgurGallery */ = {
			isa = PBXGroup;
			children = (
				40F8C8942B49A7CF00F16D90 /* GridCollectionViewCell.swift */,
				40F8C8952B49A7CF00F16D90 /* GridCollectionViewCell.xib */,
				40F8C89A2B49A7E700F16D90 /* ListCollectionViewCell.swift */,
				40F8C89B2B49A7E700F16D90 /* ListCollectionViewCell.xib */,
			);
			path = ImgurGallery;
			sourceTree = "<group>";
		};
		40F8C8A02B49B69C00F16D90 /* BaseLayout */ = {
			isa = PBXGroup;
			children = (
				40F8C8A12B49B6BD00F16D90 /* IGSBaseCollectionViewCell.swift */,
				40F8C8A32B49B6D200F16D90 /* IGSBaseViewController.swift */,
			);
			path = BaseLayout;
			sourceTree = "<group>";
		};
		40F8C8A52B49BA8300F16D90 /* Foundation */ = {
			isa = PBXGroup;
			children = (
				40F8C8A62B49BA8300F16D90 /* Extensions */,
			);
			path = Foundation;
			sourceTree = "<group>";
		};
		40F8C8A62B49BA8300F16D90 /* Extensions */ = {
			isa = PBXGroup;
			children = (
				40F8C8A72B49BA8300F16D90 /* UI */,
			);
			path = Extensions;
			sourceTree = "<group>";
		};
		40F8C8A72B49BA8300F16D90 /* UI */ = {
			isa = PBXGroup;
			children = (
				40F8C8A82B49BA8300F16D90 /* UICollectionView+Extension.swift */,
				40F8C8AA2B49CF4200F16D90 /* UIImageView+Extension.swift */,
				40F8C8B82B49DD6900F16D90 /* UIViewToast+Extension.swift */,
			);
			path = UI;
			sourceTree = "<group>";
		};
		40F8C8B12B49DB7900F16D90 /* Reachability */ = {
			isa = PBXGroup;
			children = (
				40F8C8B22B49DB7900F16D90 /* Reachability.swift */,
			);
			path = Reachability;
			sourceTree = "<group>";
		};
		40F8C8B32B49DB7900F16D90 /* Toast */ = {
			isa = PBXGroup;
			children = (
				40F8C8B42B49DB7900F16D90 /* Toast.swift */,
			);
			path = Toast;
			sourceTree = "<group>";
		};
		40F8C8B72B49DB8B00F16D90 /* EndPoints */ = {
			isa = PBXGroup;
			children = (
				40F8C8882B49974400F16D90 /* ImgurGalleryEndpoint.swift */,
				40F8C88A2B49979200F16D90 /* EndPointType.swift */,
			);
			path = EndPoints;
			sourceTree = "<group>";
		};
/* End PBXGroup section */

/* Begin PBXNativeTarget section */
		40F8C8182B491E9000F16D90 /* ImgurGallerySearch */ = {
			isa = PBXNativeTarget;
			buildConfigurationList = 40F8C8432B491E9200F16D90 /* Build configuration list for PBXNativeTarget "ImgurGallerySearch" */;
			buildPhases = (
				40F8C8152B491E9000F16D90 /* Sources */,
				40F8C8162B491E9000F16D90 /* Frameworks */,
				40F8C8172B491E9000F16D90 /* Resources */,
			);
			buildRules = (
			);
			dependencies = (
			);
			name = ImgurGallerySearch;
			packageProductDependencies = (
				40F8C86A2B49626000F16D90 /* Alamofire */,
				40F8C8AD2B49CF8900F16D90 /* SDWebImage */,
				40F8C8AF2B49CF8900F16D90 /* SDWebImageMapKit */,
			);
			productName = ImgurGallerySearch;
			productReference = 40F8C8192B491E9000F16D90 /* ImgurGallerySearch.app */;
			productType = "com.apple.product-type.application";
		};
		40F8C82E2B491E9200F16D90 /* ImgurGallerySearchTests */ = {
			isa = PBXNativeTarget;
			buildConfigurationList = 40F8C8462B491E9200F16D90 /* Build configuration list for PBXNativeTarget "ImgurGallerySearchTests" */;
			buildPhases = (
				40F8C82B2B491E9200F16D90 /* Sources */,
				40F8C82C2B491E9200F16D90 /* Frameworks */,
				40F8C82D2B491E9200F16D90 /* Resources */,
			);
			buildRules = (
			);
			dependencies = (
				40F8C8312B491E9200F16D90 /* PBXTargetDependency */,
			);
			name = ImgurGallerySearchTests;
			productName = ImgurGallerySearchTests;
			productReference = 40F8C82F2B491E9200F16D90 /* ImgurGallerySearchTests.xctest */;
			productType = "com.apple.product-type.bundle.unit-test";
		};
		40F8C8382B491E9200F16D90 /* ImgurGallerySearchUITests */ = {
			isa = PBXNativeTarget;
			buildConfigurationList = 40F8C8492B491E9200F16D90 /* Build configuration list for PBXNativeTarget "ImgurGallerySearchUITests" */;
			buildPhases = (
				40F8C8352B491E9200F16D90 /* Sources */,
				40F8C8362B491E9200F16D90 /* Frameworks */,
				40F8C8372B491E9200F16D90 /* Resources */,
			);
			buildRules = (
			);
			dependencies = (
				40F8C83B2B491E9200F16D90 /* PBXTargetDependency */,
			);
			name = ImgurGallerySearchUITests;
			productName = ImgurGallerySearchUITests;
			productReference = 40F8C8392B491E9200F16D90 /* ImgurGallerySearchUITests.xctest */;
			productType = "com.apple.product-type.bundle.ui-testing";
		};
/* End PBXNativeTarget section */

/* Begin PBXProject section */
		40F8C8112B491E9000F16D90 /* Project object */ = {
			isa = PBXProject;
			attributes = {
				BuildIndependentTargetsInParallel = 1;
				LastSwiftUpdateCheck = 1510;
				LastUpgradeCheck = 1510;
				TargetAttributes = {
					40F8C8182B491E9000F16D90 = {
						CreatedOnToolsVersion = 15.1;
					};
					40F8C82E2B491E9200F16D90 = {
						CreatedOnToolsVersion = 15.1;
						TestTargetID = 40F8C8182B491E9000F16D90;
					};
					40F8C8382B491E9200F16D90 = {
						CreatedOnToolsVersion = 15.1;
						TestTargetID = 40F8C8182B491E9000F16D90;
					};
				};
			};
			buildConfigurationList = 40F8C8142B491E9000F16D90 /* Build configuration list for PBXProject "ImgurGallerySearch" */;
			compatibilityVersion = "Xcode 14.0";
			developmentRegion = en;
			hasScannedForEncodings = 0;
			knownRegions = (
				en,
				Base,
			);
			mainGroup = 40F8C8102B491E9000F16D90;
			packageReferences = (
				40F8C8692B49626000F16D90 /* XCRemoteSwiftPackageReference "Alamofire" */,
				40F8C8AC2B49CF8900F16D90 /* XCRemoteSwiftPackageReference "SDWebImage" */,
			);
			productRefGroup = 40F8C81A2B491E9000F16D90 /* Products */;
			projectDirPath = "";
			projectRoot = "";
			targets = (
				40F8C8182B491E9000F16D90 /* ImgurGallerySearch */,
				40F8C82E2B491E9200F16D90 /* ImgurGallerySearchTests */,
				40F8C8382B491E9200F16D90 /* ImgurGallerySearchUITests */,
			);
		};
/* End PBXProject section */

/* Begin PBXResourcesBuildPhase section */
		40F8C8172B491E9000F16D90 /* Resources */ = {
			isa = PBXResourcesBuildPhase;
			buildActionMask = 2147483647;
			files = (
				40F8C89D2B49A7E700F16D90 /* ListCollectionViewCell.xib in Resources */,
				40F8C8972B49A7CF00F16D90 /* GridCollectionViewCell.xib in Resources */,
				40F8C8292B491E9200F16D90 /* LaunchScreen.storyboard in Resources */,
				40F8C8262B491E9200F16D90 /* Assets.xcassets in Resources */,
				40F8C8242B491E9000F16D90 /* Main.storyboard in Resources */,
			);
			runOnlyForDeploymentPostprocessing = 0;
		};
		40F8C82D2B491E9200F16D90 /* Resources */ = {
			isa = PBXResourcesBuildPhase;
			buildActionMask = 2147483647;
			files = (
			);
			runOnlyForDeploymentPostprocessing = 0;
		};
		40F8C8372B491E9200F16D90 /* Resources */ = {
			isa = PBXResourcesBuildPhase;
			buildActionMask = 2147483647;
			files = (
			);
			runOnlyForDeploymentPostprocessing = 0;
		};
/* End PBXResourcesBuildPhase section */

/* Begin PBXSourcesBuildPhase section */
		40F8C8152B491E9000F16D90 /* Sources */ = {
			isa = PBXSourcesBuildPhase;
			buildActionMask = 2147483647;
			files = (
				40F8C8862B498E1600F16D90 /* HomeViewController.swift in Sources */,
				40F8C8822B498E1600F16D90 /* ImageEntity.swift in Sources */,
				40F8C8892B49974400F16D90 /* ImgurGalleryEndpoint.swift in Sources */,
				40F8C85E2B495ACB00F16D90 /* APIManager.swift in Sources */,
				40F8C8842B498E1600F16D90 /* AlbumEntity.swift in Sources */,
				40F8C8832B498E1600F16D90 /* GalleryDataEntity.swift in Sources */,
				40F8C8622B495BAB00F16D90 /* Constant.swift in Sources */,
				40F8C89F2B49ADF600F16D90 /* HomeCollectionViewDatasourceDelegate.swift in Sources */,
				40F8C81D2B491E9000F16D90 /* AppDelegate.swift in Sources */,
				40F8C89C2B49A7E700F16D90 /* ListCollectionViewCell.swift in Sources */,
				40F8C8B92B49DD6900F16D90 /* UIViewToast+Extension.swift in Sources */,
				40F8C8A42B49B6D200F16D90 /* IGSBaseViewController.swift in Sources */,
				40F8C8962B49A7CF00F16D90 /* GridCollectionViewCell.swift in Sources */,
				40F8C88B2B49979200F16D90 /* EndPointType.swift in Sources */,
				40F8C8B62B49DB7900F16D90 /* Toast.swift in Sources */,
				40F8C8812B498E1600F16D90 /* HomeViewModel.swift in Sources */,
				40F8C81F2B491E9000F16D90 /* SceneDelegate.swift in Sources */,
				40F8C8852B498E1600F16D90 /* TagsEntity.swift in Sources */,
				40F8C8AB2B49CF4200F16D90 /* UIImageView+Extension.swift in Sources */,
				40F8C8A92B49BA8300F16D90 /* UICollectionView+Extension.swift in Sources */,
				40F8C8B52B49DB7900F16D90 /* Reachability.swift in Sources */,
				40F8C8A22B49B6BD00F16D90 /* IGSBaseCollectionViewCell.swift in Sources */,
			);
			runOnlyForDeploymentPostprocessing = 0;
		};
		40F8C82B2B491E9200F16D90 /* Sources */ = {
			isa = PBXSourcesBuildPhase;
			buildActionMask = 2147483647;
			files = (
				40F8C8342B491E9200F16D90 /* ImgurGallerySearchTests.swift in Sources */,
			);
			runOnlyForDeploymentPostprocessing = 0;
		};
		40F8C8352B491E9200F16D90 /* Sources */ = {
			isa = PBXSourcesBuildPhase;
			buildActionMask = 2147483647;
			files = (
				40F8C8402B491E9200F16D90 /* ImgurGallerySearchUITestsLaunchTests.swift in Sources */,
				40F8C83E2B491E9200F16D90 /* ImgurGallerySearchUITests.swift in Sources */,
			);
			runOnlyForDeploymentPostprocessing = 0;
		};
/* End PBXSourcesBuildPhase section */

/* Begin PBXTargetDependency section */
		40F8C8312B491E9200F16D90 /* PBXTargetDependency */ = {
			isa = PBXTargetDependency;
			target = 40F8C8182B491E9000F16D90 /* ImgurGallerySearch */;
			targetProxy = 40F8C8302B491E9200F16D90 /* PBXContainerItemProxy */;
		};
		40F8C83B2B491E9200F16D90 /* PBXTargetDependency */ = {
			isa = PBXTargetDependency;
			target = 40F8C8182B491E9000F16D90 /* ImgurGallerySearch */;
			targetProxy = 40F8C83A2B491E9200F16D90 /* PBXContainerItemProxy */;
		};
/* End PBXTargetDependency section */

/* Begin PBXVariantGroup section */
		40F8C8222B491E9000F16D90 /* Main.storyboard */ = {
			isa = PBXVariantGroup;
			children = (
				40F8C8232B491E9000F16D90 /* Base */,
			);
			name = Main.storyboard;
			sourceTree = "<group>";
		};
		40F8C8272B491E9200F16D90 /* LaunchScreen.storyboard */ = {
			isa = PBXVariantGroup;
			children = (
				40F8C8282B491E9200F16D90 /* Base */,
			);
			name = LaunchScreen.storyboard;
			sourceTree = "<group>";
		};
/* End PBXVariantGroup section */

/* Begin XCBuildConfiguration section */
		40F8C8412B491E9200F16D90 /* Debug */ = {
			isa = XCBuildConfiguration;
			buildSettings = {
				ALWAYS_SEARCH_USER_PATHS = NO;
				ASSETCATALOG_COMPILER_GENERATE_SWIFT_ASSET_SYMBOL_EXTENSIONS = YES;
				CLANG_ANALYZER_NONNULL = YES;
				CLANG_ANALYZER_NUMBER_OBJECT_CONVERSION = YES_AGGRESSIVE;
				CLANG_CXX_LANGUAGE_STANDARD = "gnu++20";
				CLANG_ENABLE_MODULES = YES;
				CLANG_ENABLE_OBJC_ARC = YES;
				CLANG_ENABLE_OBJC_WEAK = YES;
				CLANG_WARN_BLOCK_CAPTURE_AUTORELEASING = YES;
				CLANG_WARN_BOOL_CONVERSION = YES;
				CLANG_WARN_COMMA = YES;
				CLANG_WARN_CONSTANT_CONVERSION = YES;
				CLANG_WARN_DEPRECATED_OBJC_IMPLEMENTATIONS = YES;
				CLANG_WARN_DIRECT_OBJC_ISA_USAGE = YES_ERROR;
				CLANG_WARN_DOCUMENTATION_COMMENTS = YES;
				CLANG_WARN_EMPTY_BODY = YES;
				CLANG_WARN_ENUM_CONVERSION = YES;
				CLANG_WARN_INFINITE_RECURSION = YES;
				CLANG_WARN_INT_CONVERSION = YES;
				CLANG_WARN_NON_LITERAL_NULL_CONVERSION = YES;
				CLANG_WARN_OBJC_IMPLICIT_RETAIN_SELF = YES;
				CLANG_WARN_OBJC_LITERAL_CONVERSION = YES;
				CLANG_WARN_OBJC_ROOT_CLASS = YES_ERROR;
				CLANG_WARN_QUOTED_INCLUDE_IN_FRAMEWORK_HEADER = YES;
				CLANG_WARN_RANGE_LOOP_ANALYSIS = YES;
				CLANG_WARN_STRICT_PROTOTYPES = YES;
				CLANG_WARN_SUSPICIOUS_MOVE = YES;
				CLANG_WARN_UNGUARDED_AVAILABILITY = YES_AGGRESSIVE;
				CLANG_WARN_UNREACHABLE_CODE = YES;
				CLANG_WARN__DUPLICATE_METHOD_MATCH = YES;
				COPY_PHASE_STRIP = NO;
				DEBUG_INFORMATION_FORMAT = dwarf;
				ENABLE_STRICT_OBJC_MSGSEND = YES;
				ENABLE_TESTABILITY = YES;
				ENABLE_USER_SCRIPT_SANDBOXING = YES;
				GCC_C_LANGUAGE_STANDARD = gnu17;
				GCC_DYNAMIC_NO_PIC = NO;
				GCC_NO_COMMON_BLOCKS = YES;
				GCC_OPTIMIZATION_LEVEL = 0;
				GCC_PREPROCESSOR_DEFINITIONS = (
					"DEBUG=1",
					"$(inherited)",
				);
				GCC_WARN_64_TO_32_BIT_CONVERSION = YES;
				GCC_WARN_ABOUT_RETURN_TYPE = YES_ERROR;
				GCC_WARN_UNDECLARED_SELECTOR = YES;
				GCC_WARN_UNINITIALIZED_AUTOS = YES_AGGRESSIVE;
				GCC_WARN_UNUSED_FUNCTION = YES;
				GCC_WARN_UNUSED_VARIABLE = YES;
				IPHONEOS_DEPLOYMENT_TARGET = 17.2;
				LOCALIZATION_PREFERS_STRING_CATALOGS = YES;
				MTL_ENABLE_DEBUG_INFO = INCLUDE_SOURCE;
				MTL_FAST_MATH = YES;
				ONLY_ACTIVE_ARCH = YES;
				SDKROOT = iphoneos;
				SWIFT_ACTIVE_COMPILATION_CONDITIONS = "DEBUG $(inherited)";
				SWIFT_OPTIMIZATION_LEVEL = "-Onone";
			};
			name = Debug;
		};
		40F8C8422B491E9200F16D90 /* Release */ = {
			isa = XCBuildConfiguration;
			buildSettings = {
				ALWAYS_SEARCH_USER_PATHS = NO;
				ASSETCATALOG_COMPILER_GENERATE_SWIFT_ASSET_SYMBOL_EXTENSIONS = YES;
				CLANG_ANALYZER_NONNULL = YES;
				CLANG_ANALYZER_NUMBER_OBJECT_CONVERSION = YES_AGGRESSIVE;
				CLANG_CXX_LANGUAGE_STANDARD = "gnu++20";
				CLANG_ENABLE_MODULES = YES;
				CLANG_ENABLE_OBJC_ARC = YES;
				CLANG_ENABLE_OBJC_WEAK = YES;
				CLANG_WARN_BLOCK_CAPTURE_AUTORELEASING = YES;
				CLANG_WARN_BOOL_CONVERSION = YES;
				CLANG_WARN_COMMA = YES;
				CLANG_WARN_CONSTANT_CONVERSION = YES;
				CLANG_WARN_DEPRECATED_OBJC_IMPLEMENTATIONS = YES;
				CLANG_WARN_DIRECT_OBJC_ISA_USAGE = YES_ERROR;
				CLANG_WARN_DOCUMENTATION_COMMENTS = YES;
				CLANG_WARN_EMPTY_BODY = YES;
				CLANG_WARN_ENUM_CONVERSION = YES;
				CLANG_WARN_INFINITE_RECURSION = YES;
				CLANG_WARN_INT_CONVERSION = YES;
				CLANG_WARN_NON_LITERAL_NULL_CONVERSION = YES;
				CLANG_WARN_OBJC_IMPLICIT_RETAIN_SELF = YES;
				CLANG_WARN_OBJC_LITERAL_CONVERSION = YES;
				CLANG_WARN_OBJC_ROOT_CLASS = YES_ERROR;
				CLANG_WARN_QUOTED_INCLUDE_IN_FRAMEWORK_HEADER = YES;
				CLANG_WARN_RANGE_LOOP_ANALYSIS = YES;
				CLANG_WARN_STRICT_PROTOTYPES = YES;
				CLANG_WARN_SUSPICIOUS_MOVE = YES;
				CLANG_WARN_UNGUARDED_AVAILABILITY = YES_AGGRESSIVE;
				CLANG_WARN_UNREACHABLE_CODE = YES;
				CLANG_WARN__DUPLICATE_METHOD_MATCH = YES;
				COPY_PHASE_STRIP = NO;
				DEBUG_INFORMATION_FORMAT = "dwarf-with-dsym";
				ENABLE_NS_ASSERTIONS = NO;
				ENABLE_STRICT_OBJC_MSGSEND = YES;
				ENABLE_USER_SCRIPT_SANDBOXING = YES;
				GCC_C_LANGUAGE_STANDARD = gnu17;
				GCC_NO_COMMON_BLOCKS = YES;
				GCC_WARN_64_TO_32_BIT_CONVERSION = YES;
				GCC_WARN_ABOUT_RETURN_TYPE = YES_ERROR;
				GCC_WARN_UNDECLARED_SELECTOR = YES;
				GCC_WARN_UNINITIALIZED_AUTOS = YES_AGGRESSIVE;
				GCC_WARN_UNUSED_FUNCTION = YES;
				GCC_WARN_UNUSED_VARIABLE = YES;
				IPHONEOS_DEPLOYMENT_TARGET = 17.2;
				LOCALIZATION_PREFERS_STRING_CATALOGS = YES;
				MTL_ENABLE_DEBUG_INFO = NO;
				MTL_FAST_MATH = YES;
				SDKROOT = iphoneos;
				SWIFT_COMPILATION_MODE = wholemodule;
				VALIDATE_PRODUCT = YES;
			};
			name = Release;
		};
		40F8C8442B491E9200F16D90 /* Debug */ = {
			isa = XCBuildConfiguration;
			buildSettings = {
				ASSETCATALOG_COMPILER_APPICON_NAME = AppIcon;
				ASSETCATALOG_COMPILER_GLOBAL_ACCENT_COLOR_NAME = AccentColor;
				CODE_SIGN_STYLE = Automatic;
				CURRENT_PROJECT_VERSION = 1;
				GENERATE_INFOPLIST_FILE = YES;
				INFOPLIST_FILE = ImgurGallerySearch/Support/Info.plist;
				INFOPLIST_KEY_UIApplicationSupportsIndirectInputEvents = YES;
				INFOPLIST_KEY_UILaunchStoryboardName = LaunchScreen;
				INFOPLIST_KEY_UIMainStoryboardFile = Main;
				INFOPLIST_KEY_UISupportedInterfaceOrientations_iPad = "UIInterfaceOrientationPortrait UIInterfaceOrientationPortraitUpsideDown UIInterfaceOrientationLandscapeLeft UIInterfaceOrientationLandscapeRight";
				INFOPLIST_KEY_UISupportedInterfaceOrientations_iPhone = "UIInterfaceOrientationPortrait UIInterfaceOrientationLandscapeLeft UIInterfaceOrientationLandscapeRight";
				LD_RUNPATH_SEARCH_PATHS = (
					"$(inherited)",
					"@executable_path/Frameworks",
				);
				MARKETING_VERSION = 1.0;
				PRODUCT_BUNDLE_IDENTIFIER = ios.ImgurGallerySearch;
				PRODUCT_NAME = "$(TARGET_NAME)";
				SWIFT_EMIT_LOC_STRINGS = YES;
				SWIFT_VERSION = 5.0;
				TARGETED_DEVICE_FAMILY = "1,2";
			};
			name = Debug;
		};
		40F8C8452B491E9200F16D90 /* Release */ = {
			isa = XCBuildConfiguration;
			buildSettings = {
				ASSETCATALOG_COMPILER_APPICON_NAME = AppIcon;
				ASSETCATALOG_COMPILER_GLOBAL_ACCENT_COLOR_NAME = AccentColor;
				CODE_SIGN_STYLE = Automatic;
				CURRENT_PROJECT_VERSION = 1;
				GENERATE_INFOPLIST_FILE = YES;
				INFOPLIST_FILE = ImgurGallerySearch/Support/Info.plist;
				INFOPLIST_KEY_UIApplicationSupportsIndirectInputEvents = YES;
				INFOPLIST_KEY_UILaunchStoryboardName = LaunchScreen;
				INFOPLIST_KEY_UIMainStoryboardFile = Main;
				INFOPLIST_KEY_UISupportedInterfaceOrientations_iPad = "UIInterfaceOrientationPortrait UIInterfaceOrientationPortraitUpsideDown UIInterfaceOrientationLandscapeLeft UIInterfaceOrientationLandscapeRight";
				INFOPLIST_KEY_UISupportedInterfaceOrientations_iPhone = "UIInterfaceOrientationPortrait UIInterfaceOrientationLandscapeLeft UIInterfaceOrientationLandscapeRight";
				LD_RUNPATH_SEARCH_PATHS = (
					"$(inherited)",
					"@executable_path/Frameworks",
				);
				MARKETING_VERSION = 1.0;
				PRODUCT_BUNDLE_IDENTIFIER = ios.ImgurGallerySearch;
				PRODUCT_NAME = "$(TARGET_NAME)";
				SWIFT_EMIT_LOC_STRINGS = YES;
				SWIFT_VERSION = 5.0;
				TARGETED_DEVICE_FAMILY = "1,2";
			};
			name = Release;
		};
		40F8C8472B491E9200F16D90 /* Debug */ = {
			isa = XCBuildConfiguration;
			buildSettings = {
				ALWAYS_EMBED_SWIFT_STANDARD_LIBRARIES = YES;
				BUNDLE_LOADER = "$(TEST_HOST)";
				CODE_SIGN_STYLE = Automatic;
				CURRENT_PROJECT_VERSION = 1;
				GENERATE_INFOPLIST_FILE = YES;
				IPHONEOS_DEPLOYMENT_TARGET = 17.2;
				MARKETING_VERSION = 1.0;
				PRODUCT_BUNDLE_IDENTIFIER = ios.ImgurGallerySearchTests;
				PRODUCT_NAME = "$(TARGET_NAME)";
				SWIFT_EMIT_LOC_STRINGS = NO;
				SWIFT_VERSION = 5.0;
				TARGETED_DEVICE_FAMILY = "1,2";
				TEST_HOST = "$(BUILT_PRODUCTS_DIR)/ImgurGallerySearch.app/$(BUNDLE_EXECUTABLE_FOLDER_PATH)/ImgurGallerySearch";
			};
			name = Debug;
		};
		40F8C8482B491E9200F16D90 /* Release */ = {
			isa = XCBuildConfiguration;
			buildSettings = {
				ALWAYS_EMBED_SWIFT_STANDARD_LIBRARIES = YES;
				BUNDLE_LOADER = "$(TEST_HOST)";
				CODE_SIGN_STYLE = Automatic;
				CURRENT_PROJECT_VERSION = 1;
				GENERATE_INFOPLIST_FILE = YES;
				IPHONEOS_DEPLOYMENT_TARGET = 17.2;
				MARKETING_VERSION = 1.0;
				PRODUCT_BUNDLE_IDENTIFIER = ios.ImgurGallerySearchTests;
				PRODUCT_NAME = "$(TARGET_NAME)";
				SWIFT_EMIT_LOC_STRINGS = NO;
				SWIFT_VERSION = 5.0;
				TARGETED_DEVICE_FAMILY = "1,2";
				TEST_HOST = "$(BUILT_PRODUCTS_DIR)/ImgurGallerySearch.app/$(BUNDLE_EXECUTABLE_FOLDER_PATH)/ImgurGallerySearch";
			};
			name = Release;
		};
		40F8C84A2B491E9200F16D90 /* Debug */ = {
			isa = XCBuildConfiguration;
			buildSettings = {
				ALWAYS_EMBED_SWIFT_STANDARD_LIBRARIES = YES;
				CODE_SIGN_STYLE = Automatic;
				CURRENT_PROJECT_VERSION = 1;
				GENERATE_INFOPLIST_FILE = YES;
				MARKETING_VERSION = 1.0;
				PRODUCT_BUNDLE_IDENTIFIER = ios.ImgurGallerySearchUITests;
				PRODUCT_NAME = "$(TARGET_NAME)";
				SWIFT_EMIT_LOC_STRINGS = NO;
				SWIFT_VERSION = 5.0;
				TARGETED_DEVICE_FAMILY = "1,2";
				TEST_TARGET_NAME = ImgurGallerySearch;
			};
			name = Debug;
		};
		40F8C84B2B491E9200F16D90 /* Release */ = {
			isa = XCBuildConfiguration;
			buildSettings = {
				ALWAYS_EMBED_SWIFT_STANDARD_LIBRARIES = YES;
				CODE_SIGN_STYLE = Automatic;
				CURRENT_PROJECT_VERSION = 1;
				GENERATE_INFOPLIST_FILE = YES;
				MARKETING_VERSION = 1.0;
				PRODUCT_BUNDLE_IDENTIFIER = ios.ImgurGallerySearchUITests;
				PRODUCT_NAME = "$(TARGET_NAME)";
				SWIFT_EMIT_LOC_STRINGS = NO;
				SWIFT_VERSION = 5.0;
				TARGETED_DEVICE_FAMILY = "1,2";
				TEST_TARGET_NAME = ImgurGallerySearch;
			};
			name = Release;
		};
/* End XCBuildConfiguration section */

/* Begin XCConfigurationList section */
		40F8C8142B491E9000F16D90 /* Build configuration list for PBXProject "ImgurGallerySearch" */ = {
			isa = XCConfigurationList;
			buildConfigurations = (
				40F8C8412B491E9200F16D90 /* Debug */,
				40F8C8422B491E9200F16D90 /* Release */,
			);
			defaultConfigurationIsVisible = 0;
			defaultConfigurationName = Release;
		};
		40F8C8432B491E9200F16D90 /* Build configuration list for PBXNativeTarget "ImgurGallerySearch" */ = {
			isa = XCConfigurationList;
			buildConfigurations = (
				40F8C8442B491E9200F16D90 /* Debug */,
				40F8C8452B491E9200F16D90 /* Release */,
			);
			defaultConfigurationIsVisible = 0;
			defaultConfigurationName = Release;
		};
		40F8C8462B491E9200F16D90 /* Build configuration list for PBXNativeTarget "ImgurGallerySearchTests" */ = {
			isa = XCConfigurationList;
			buildConfigurations = (
				40F8C8472B491E9200F16D90 /* Debug */,
				40F8C8482B491E9200F16D90 /* Release */,
			);
			defaultConfigurationIsVisible = 0;
			defaultConfigurationName = Release;
		};
		40F8C8492B491E9200F16D90 /* Build configuration list for PBXNativeTarget "ImgurGallerySearchUITests" */ = {
			isa = XCConfigurationList;
			buildConfigurations = (
				40F8C84A2B491E9200F16D90 /* Debug */,
				40F8C84B2B491E9200F16D90 /* Release */,
			);
			defaultConfigurationIsVisible = 0;
			defaultConfigurationName = Release;
		};
/* End XCConfigurationList section */

/* Begin XCRemoteSwiftPackageReference section */
		40F8C8692B49626000F16D90 /* XCRemoteSwiftPackageReference "Alamofire" */ = {
			isa = XCRemoteSwiftPackageReference;
			repositoryURL = "https://github.com/Alamofire/Alamofire.git";
			requirement = {
				kind = upToNextMajorVersion;
				minimumVersion = 5.8.1;
			};
		};
		40F8C8AC2B49CF8900F16D90 /* XCRemoteSwiftPackageReference "SDWebImage" */ = {
			isa = XCRemoteSwiftPackageReference;
			repositoryURL = "https://github.com/SDWebImage/SDWebImage.git";
			requirement = {
				kind = upToNextMajorVersion;
				minimumVersion = 5.18.8;
			};
		};
/* End XCRemoteSwiftPackageReference section */

/* Begin XCSwiftPackageProductDependency section */
		40F8C86A2B49626000F16D90 /* Alamofire */ = {
			isa = XCSwiftPackageProductDependency;
			package = 40F8C8692B49626000F16D90 /* XCRemoteSwiftPackageReference "Alamofire" */;
			productName = Alamofire;
		};
		40F8C8AD2B49CF8900F16D90 /* SDWebImage */ = {
			isa = XCSwiftPackageProductDependency;
			package = 40F8C8AC2B49CF8900F16D90 /* XCRemoteSwiftPackageReference "SDWebImage" */;
			productName = SDWebImage;
		};
		40F8C8AF2B49CF8900F16D90 /* SDWebImageMapKit */ = {
			isa = XCSwiftPackageProductDependency;
			package = 40F8C8AC2B49CF8900F16D90 /* XCRemoteSwiftPackageReference "SDWebImage" */;
			productName = SDWebImageMapKit;
		};
/* End XCSwiftPackageProductDependency section */
	};
	rootObject = 40F8C8112B491E9000F16D90 /* Project object */;
}
